
Microsoft Visual Studio Solution File, Format Version 12.00
# Visual Studio Version 17
VisualStudioVersion = 17.4.33103.184
MinimumVisualStudioVersion = 10.0.40219.1
Project("{FAE04EC0-301F-11D3-BF4B-00C04F79EFBC}") = "Entidades", "Entidades\Entidades.csproj", "{87186FA7-822E-49CC-A683-C6997053B1F9}"
EndProject
Project("{FAE04EC0-301F-11D3-BF4B-00C04F79EFBC}") = "Windows", "Windows\Windows.csproj", "{01E2FB02-2763-4F57-B7EF-7626C66B6364}"
EndProject
Project("{FAE04EC0-301F-11D3-BF4B-00C04F79EFBC}") = "Datos", "Repositorio\Datos.csproj", "{F270D6A1-60D5-4A48-ADF5-EBA634FF5809}"
EndProject
Global
	GlobalSection(SolutionConfigurationPlatforms) = preSolution
		Debug|Any CPU = Debug|Any CPU
		Release|Any CPU = Release|Any CPU
	EndGlobalSection
	GlobalSection(ProjectConfigurationPlatforms) = postSolution
		{87186FA7-822E-49CC-A683-C6997053B1F9}.Debug|Any CPU.ActiveCfg = Debug|Any CPU
		{87186FA7-822E-49CC-A683-C6997053B1F9}.Debug|Any CPU.Build.0 = Debug|Any CPU
		{87186FA7-822E-49CC-A683-C6997053B1F9}.Release|Any CPU.ActiveCfg = Release|Any CPU
		{87186FA7-822E-49CC-A683-C6997053B1F9}.Release|Any CPU.Build.0 = Release|Any CPU
		{01E2FB02-2763-4F57-B7EF-7626C66B6364}.Debug|Any CPU.ActiveCfg = Debug|Any CPU
		{01E2FB02-2763-4F57-B7EF-7626C66B6364}.Debug|Any CPU.Build.0 = Debug|Any CPU
		{01E2FB02-2763-4F57-B7EF-7626C66B6364}.Release|Any CPU.ActiveCfg = Release|Any CPU
		{01E2FB02-2763-4F57-B7EF-7626C66B6364}.Release|Any CPU.Build.0 = Release|Any CPU
		{F270D6A1-60D5-4A48-ADF5-EBA634FF5809}.Debug|Any CPU.ActiveCfg = Debug|Any CPU
		{F270D6A1-60D5-4A48-ADF5-EBA634FF5809}.Debug|Any CPU.Build.0 = Debug|Any CPU
		{F270D6A1-60D5-4A48-ADF5-EBA634FF5809}.Release|Any CPU.ActiveCfg = Release|Any CPU
		{F270D6A1-60D5-4A48-ADF5-EBA634FF5809}.Release|Any CPU.Build.0 = Release|Any CPU
	EndGlobalSection
	GlobalSection(SolutionProperties) = preSolution
		HideSolutionNode = FALSE
	EndGlobalSection
	GlobalSection(ExtensibilityGlobals) = postSolution
		SolutionGuid = {A1DEBC0E-C858-46EF-8232-8B3910E2A345}
	EndGlobalSection
EndGlobal
